{
  "name": "wujie-for-angular",
  "version": "0.0.1",
  "lockfileVersion": 3,
  "requires": true,
  "packages": {
    "": {
      "name": "wujie-for-angular",
      "version": "0.0.1",
      "license": "MIT",
      "dependencies": {
        "tslib": "^2.3.0"
      },
      "peerDependencies": {
        "@angular/common": "^17.3.0",
        "@angular/core": "^17.3.0",
        "wujie": "^1.0.22"
      }
    },
    "node_modules/@angular/common": {
      "version": "17.3.3",
      "resolved": "https://registry.npmmirror.com/@angular/common/-/common-17.3.3.tgz",
      "integrity": "sha512-GwlKetNpfWKiG2j4S6bYTi6PA2iT4+eln7o8owo44xZWdQnWQjfxnH39vQuCyhi6OOQL1dozmae+fVXgQsV6jQ==",
      "peer": true,
      "dependencies": {
        "tslib": "^2.3.0"
      },
      "engines": {
        "node": "^18.13.0 || >=20.9.0"
      },
      "peerDependencies": {
        "@angular/core": "17.3.3",
        "rxjs": "^6.5.3 || ^7.4.0"
      }
    },
    "node_modules/@angular/core": {
      "version": "17.3.3",
      "resolved": "https://registry.npmmirror.com/@angular/core/-/core-17.3.3.tgz",
      "integrity": "sha512-O/jr3aFJMCxF6Jmymjx4jIigRHJfqM/ALIi60y2LVznBVFkk9xyMTsAjgWQIEHX+2muEIzgfKuXzpL0y30y+wA==",
      "peer": true,
      "dependencies": {
        "tslib": "^2.3.0"
      },
      "engines": {
        "node": "^18.13.0 || >=20.9.0"
      },
      "peerDependencies": {
        "rxjs": "^6.5.3 || ^7.4.0",
        "zone.js": "~0.14.0"
      }
    },
    "node_modules/@babel/runtime": {
      "version": "7.24.4",
      "resolved": "https://registry.npmmirror.com/@babel/runtime/-/runtime-7.24.4.tgz",
      "integrity": "sha512-dkxf7+hn8mFBwKjs9bvBlArzLVxVbS8usaPUDd5p2a9JCL9tB8OaOVN1isD4+Xyk4ns89/xeOmbQvgdK7IIVdA==",
      "peer": true,
      "dependencies": {
        "regenerator-runtime": "^0.14.0"
      },
      "engines": {
        "node": ">=6.9.0"
      }
    },
    "node_modules/regenerator-runtime": {
      "version": "0.14.1",
      "resolved": "https://registry.npmmirror.com/regenerator-runtime/-/regenerator-runtime-0.14.1.tgz",
      "integrity": "sha512-dYnhHh0nJoMfnkZs6GmmhFknAGRrLznOu5nc9ML+EJxGvrx6H7teuevqVqCuPcPK//3eDrrjQhehXVx9cnkGdw==",
      "peer": true
    },
    "node_modules/rxjs": {
      "version": "7.8.1",
      "resolved": "https://registry.npmmirror.com/rxjs/-/rxjs-7.8.1.tgz",
      "integrity": "sha512-AA3TVj+0A2iuIoQkWEK/tqFjBq2j+6PO6Y0zJcvzLAFhEFIO3HL0vls9hWLncZbAAbK0mar7oZ4V079I/qPMxg==",
      "peer": true,
      "dependencies": {
        "tslib": "^2.1.0"
      }
    },
    "node_modules/tslib": {
      "version": "2.6.2",
      "resolved": "https://registry.npmmirror.com/tslib/-/tslib-2.6.2.tgz",
      "integrity": "sha512-AEYxH93jGFPn/a2iVAwW87VuUIkR1FVUKB77NwMF7nBTDkDrrT/Hpt/IrCJ0QXhW27jTBDcf5ZY7w6RiqTMw2Q=="
    },
    "node_modules/wujie": {
      "version": "1.0.22",
      "resolved": "https://registry.npmmirror.com/wujie/-/wujie-1.0.22.tgz",
      "integrity": "sha512-gzx13fp9hgTHdV9XetkVmp794uDSR93Zs9jLr891RaWRuMiLFoxh3Pe4qbmW604SxI8nMTHeIRydbgC7YxQ50Q==",
      "peer": true,
      "dependencies": {
        "@babel/runtime": "^7.18.6"
      }
    },
    "node_modules/zone.js": {
      "version": "0.14.4",
      "resolved": "https://registry.npmmirror.com/zone.js/-/zone.js-0.14.4.tgz",
      "integrity": "sha512-NtTUvIlNELez7Q1DzKVIFZBzNb646boQMgpATo9z3Ftuu/gWvzxCW7jdjcUDoRGxRikrhVHB/zLXh1hxeJawvw==",
      "peer": true,
      "dependencies": {
        "tslib": "^2.3.0"
      }
    }
  }
}
